
Microsoft Visual Studio Solution File, Format Version 12.00
# Visual Studio Version 17
VisualStudioVersion = 17.14.35806.103
MinimumVisualStudioVersion = 10.0.40219.1
Project("{FAE04EC0-301F-11D3-BF4B-00C04F79EFBC}") = "CSharpEgitimKampi501Form", "CSharpEgitimKampi501Form\CSharpEgitimKampi501Form.csproj", "{259927D0-77FF-4A6F-B6D3-EB3BC918F81E}"
EndProject
Global
	GlobalSection(SolutionConfigurationPlatforms) = preSolution
		Debug|Any CPU = Debug|Any CPU
		Release|Any CPU = Release|Any CPU
	EndGlobalSection
	GlobalSection(ProjectConfigurationPlatforms) = postSolution
		{259927D0-77FF-4A6F-B6D3-EB3BC918F81E}.Debug|Any CPU.ActiveCfg = Debug|Any CPU
		{259927D0-77FF-4A6F-B6D3-EB3BC918F81E}.Debug|Any CPU.Build.0 = Debug|Any CPU
		{259927D0-77FF-4A6F-B6D3-EB3BC918F81E}.Release|Any CPU.ActiveCfg = Release|Any CPU
		{259927D0-77FF-4A6F-B6D3-EB3BC918F81E}.Release|Any CPU.Build.0 = Release|Any CPU
	EndGlobalSection
	GlobalSection(SolutionProperties) = preSolution
		HideSolutionNode = FALSE
	EndGlobalSection
	GlobalSection(ExtensibilityGlobals) = postSolution
		SolutionGuid = {E6BC5189-77C4-463D-936A-DCEFFFB61839}
	EndGlobalSection
EndGlobal
